{
  "name": "abapprduct-catalog",
  "version": "1.0.0",
  "lockfileVersion": 3,
  "requires": true,
  "packages": {
    "": {
      "name": "abapprduct-catalog",
      "version": "1.0.0",
      "devDependencies": {
        "@abaplint/cli": "^2.118.4"
      }
    },
    "node_modules/@abaplint/cli": {
      "version": "2.119.20",
      "resolved": "https://registry.npmjs.org/@abaplint/cli/-/cli-2.119.20.tgz",
      "integrity": "sha512-MCDnptpVHNKH/pb4K7MNW7vTODL0lU8Bkttiy0tsGjIYpdTlpSZPtNrVpWwfm0cWwXWFVPS5tZn50Y8aEtOa1w==",
      "dev": true,
      "license": "MIT",
      "bin": {
        "abaplint": "abaplint"
      },
      "engines": {
        "node": ">=18.0.0"
      },
      "funding": {
        "url": "https://github.com/sponsors/larshp"
      }
    }
  }
}
